
Microsoft Visual Studio Solution File, Format Version 12.00
# Visual Studio Version 17
VisualStudioVersion = 17.0.31903.59
MinimumVisualStudioVersion = 10.0.40219.1
Project("{FAE04EC0-301F-11D3-BF4B-00C04F79EFBC}") = "UmbracoTest", "UmbracoTest\UmbracoTest.csproj", "{07FE4DAE-A12A-4F54-8D56-D34ECC33F512}"
EndProject
Global
	GlobalSection(SolutionConfigurationPlatforms) = preSolution
		Debug|Any CPU = Debug|Any CPU
		Release|Any CPU = Release|Any CPU
	EndGlobalSection
	GlobalSection(SolutionProperties) = preSolution
		HideSolutionNode = FALSE
	EndGlobalSection
	GlobalSection(ProjectConfigurationPlatforms) = postSolution
		{07FE4DAE-A12A-4F54-8D56-D34ECC33F512}.Debug|Any CPU.ActiveCfg = Debug|Any CPU
		{07FE4DAE-A12A-4F54-8D56-D34ECC33F512}.Debug|Any CPU.Build.0 = Debug|Any CPU
		{07FE4DAE-A12A-4F54-8D56-D34ECC33F512}.Release|Any CPU.ActiveCfg = Release|Any CPU
		{07FE4DAE-A12A-4F54-8D56-D34ECC33F512}.Release|Any CPU.Build.0 = Release|Any CPU
	EndGlobalSection
EndGlobal
